// !$*UTF8*$!
{
	archiveVersion = 1;
	classes = {
	};
	objectVersion = 50;
	objects = {

/* Begin PBXBuildFile section */
		5780A533213930BB00531A5C /* WelcomeBackGreenPlusButton.swift in Sources */ = {isa = PBXBuildFile; fileRef = 5780A532213930BB00531A5C /* WelcomeBackGreenPlusButton.swift */; };
		5790FE5621384A4E005EC9AF /* RuntimeHandler.m in Sources */ = {isa = PBXBuildFile; fileRef = 5790FE5521384A4E005EC9AF /* RuntimeHandler.m */; };
		57AA79342138501100B2186A /* AppKit.framework in Frameworks */ = {isa = PBXBuildFile; fileRef = 57AA79332138501100B2186A /* AppKit.framework */; };
		57E66DF02139AE0D002F6A9A /* icons.icns in Resources */ = {isa = PBXBuildFile; fileRef = 57E66DEF2139AE0D002F6A9A /* icons.icns */; };
		57EEF412213934240070146F /* README.md in Resources */ = {isa = PBXBuildFile; fileRef = 57EEF411213934240070146F /* README.md */; };
		57EEF414213934490070146F /* LICENSE in Resources */ = {isa = PBXBuildFile; fileRef = 57EEF413213934490070146F /* LICENSE */; };
/* End PBXBuildFile section */

/* Begin PBXFileReference section */
		5780A532213930BB00531A5C /* WelcomeBackGreenPlusButton.swift */ = {isa = PBXFileReference; fileEncoding = 4; lastKnownFileType = sourcecode.swift; path = WelcomeBackGreenPlusButton.swift; sourceTree = "<group>"; };
		5790FE442138401E005EC9AF /* WelcomeBackGreenPlusButton.bundle */ = {isa = PBXFileReference; explicitFileType = wrapper.cfbundle; includeInIndex = 0; path = WelcomeBackGreenPlusButton.bundle; sourceTree = BUILT_PRODUCTS_DIR; };
		5790FE472138401E005EC9AF /* Info.plist */ = {isa = PBXFileReference; lastKnownFileType = text.plist.xml; path = Info.plist; sourceTree = "<group>"; };
		5790FE4D21384075005EC9AF /* Bridging-Header.h */ = {isa = PBXFileReference; lastKnownFileType = sourcecode.c.h; path = "Bridging-Header.h"; sourceTree = "<group>"; };
		5790FE5421384A4E005EC9AF /* RuntimeHandler.h */ = {isa = PBXFileReference; lastKnownFileType = sourcecode.c.h; path = RuntimeHandler.h; sourceTree = "<group>"; };
		5790FE5521384A4E005EC9AF /* RuntimeHandler.m */ = {isa = PBXFileReference; lastKnownFileType = sourcecode.c.objc; path = RuntimeHandler.m; sourceTree = "<group>"; };
		57AA79332138501100B2186A /* AppKit.framework */ = {isa = PBXFileReference; lastKnownFileType = wrapper.framework; name = AppKit.framework; path = System/Library/Frameworks/AppKit.framework; sourceTree = SDKROOT; };
		57B4A45D21390F2500AF2010 /* NSWindow+Private.h */ = {isa = PBXFileReference; lastKnownFileType = sourcecode.c.h; path = "NSWindow+Private.h"; sourceTree = "<group>"; };
		57E66DEF2139AE0D002F6A9A /* icons.icns */ = {isa = PBXFileReference; lastKnownFileType = image.icns; path = icons.icns; sourceTree = "<group>"; };
		57EEF411213934240070146F /* README.md */ = {isa = PBXFileReference; fileEncoding = 4; lastKnownFileType = net.daringfireball.markdown; path = README.md; sourceTree = "<group>"; };
		57EEF413213934490070146F /* LICENSE */ = {isa = PBXFileReference; lastKnownFileType = text; path = LICENSE; sourceTree = "<group>"; };
/* End PBXFileReference section */

/* Begin PBXFrameworksBuildPhase section */
		5790FE412138401E005EC9AF /* Frameworks */ = {
			isa = PBXFrameworksBuildPhase;
			buildActionMask = 2147483647;
			files = (
				57AA79342138501100B2186A /* AppKit.framework in Frameworks */,
			);
			runOnlyForDeploymentPostprocessing = 0;
		};
/* End PBXFrameworksBuildPhase section */

/* Begin PBXGroup section */
		5780A531213930AE00531A5C /* WelcomeBackGreenPlusButton */ = {
			isa = PBXGroup;
			children = (
				57B4A45D21390F2500AF2010 /* NSWindow+Private.h */,
				5780A532213930BB00531A5C /* WelcomeBackGreenPlusButton.swift */,
			);
			path = WelcomeBackGreenPlusButton;
			sourceTree = "<group>";
		};
		5790FE3B2138401E005EC9AF = {
			isa = PBXGroup;
			children = (
				57E66DEC2139A5C7002F6A9A /* Resources */,
				5790FE472138401E005EC9AF /* Info.plist */,
				57EEF411213934240070146F /* README.md */,
				57EEF413213934490070146F /* LICENSE */,
				5790FE4D21384075005EC9AF /* Bridging-Header.h */,
				5790FE5321384A3F005EC9AF /* RuntimeHandler */,
				5780A531213930AE00531A5C /* WelcomeBackGreenPlusButton */,
				5790FE452138401E005EC9AF /* Products */,
				57AA79322138501000B2186A /* Frameworks */,
			);
			sourceTree = "<group>";
		};
		5790FE452138401E005EC9AF /* Products */ = {
			isa = PBXGroup;
			children = (
				5790FE442138401E005EC9AF /* WelcomeBackGreenPlusButton.bundle */,
			);
			name = Products;
			sourceTree = "<group>";
		};
		5790FE5321384A3F005EC9AF /* RuntimeHandler */ = {
			isa = PBXGroup;
			children = (
				5790FE5421384A4E005EC9AF /* RuntimeHandler.h */,
				5790FE5521384A4E005EC9AF /* RuntimeHandler.m */,
			);
			path = RuntimeHandler;
			sourceTree = "<group>";
		};
		57AA79322138501000B2186A /* Frameworks */ = {
			isa = PBXGroup;
			children = (
				57AA79332138501100B2186A /* AppKit.framework */,
			);
			name = Frameworks;
			sourceTree = "<group>";
		};
		57E66DEC2139A5C7002F6A9A /* Resources */ = {
			isa = PBXGroup;
			children = (
				57E66DEF2139AE0D002F6A9A /* icons.icns */,
			);
			path = Resources;
			sourceTree = "<group>";
		};
/* End PBXGroup section */

/* Begin PBXNativeTarget section */
		5790FE432138401E005EC9AF /* WelcomeBackGreenPlusButton */ = {
			isa = PBXNativeTarget;
			buildConfigurationList = 5790FE4A2138401E005EC9AF /* Build configuration list for PBXNativeTarget "WelcomeBackGreenPlusButton" */;
			buildPhases = (
				5790FE402138401E005EC9AF /* Sources */,
				5790FE412138401E005EC9AF /* Frameworks */,
				5790FE422138401E005EC9AF /* Resources */,
			);
			buildRules = (
			);
			dependencies = (
			);
			name = WelcomeBackGreenPlusButton;
			productName = WelcomeBackPlusButton;
			productReference = 5790FE442138401E005EC9AF /* WelcomeBackGreenPlusButton.bundle */;
			productType = "com.apple.product-type.bundle";
		};
/* End PBXNativeTarget section */

/* Begin PBXProject section */
		5790FE3C2138401E005EC9AF /* Project object */ = {
			isa = PBXProject;
			attributes = {
				LastUpgradeCheck = 0940;
				ORGANIZATIONNAME = salexkidd;
				TargetAttributes = {
					5790FE432138401E005EC9AF = {
						CreatedOnToolsVersion = 9.4.1;
						LastSwiftMigration = 0940;
					};
				};
			};
			buildConfigurationList = 5790FE3F2138401E005EC9AF /* Build configuration list for PBXProject "WelcomeBackGreenPlusButton" */;
			compatibilityVersion = "Xcode 9.3";
			developmentRegion = en;
			hasScannedForEncodings = 0;
			knownRegions = (
				en,
			);
			mainGroup = 5790FE3B2138401E005EC9AF;
			productRefGroup = 5790FE452138401E005EC9AF /* Products */;
			projectDirPath = "";
			projectRoot = "";
			targets = (
				5790FE432138401E005EC9AF /* WelcomeBackGreenPlusButton */,
			);
		};
/* End PBXProject section */

/* Begin PBXResourcesBuildPhase section */
		5790FE422138401E005EC9AF /* Resources */ = {
			isa = PBXResourcesBuildPhase;
			buildActionMask = 2147483647;
			files = (
				57E66DF02139AE0D002F6A9A /* icons.icns in Resources */,
				57EEF414213934490070146F /* LICENSE in Resources */,
				57EEF412213934240070146F /* README.md in Resources */,
			);
			runOnlyForDeploymentPostprocessing = 0;
		};
/* End PBXResourcesBuildPhase section */

/* Begin PBXSourcesBuildPhase section */
		5790FE402138401E005EC9AF /* Sources */ = {
			isa = PBXSourcesBuildPhase;
			buildActionMask = 2147483647;
			files = (
				5780A533213930BB00531A5C /* WelcomeBackGreenPlusButton.swift in Sources */,
				5790FE5621384A4E005EC9AF /* RuntimeHandler.m in Sources */,
			);
			runOnlyForDeploymentPostprocessing = 0;
		};
/* End PBXSourcesBuildPhase section */

/* Begin XCBuildConfiguration section */
		5790FE482138401E005EC9AF /* Debug */ = {
			isa = XCBuildConfiguration;
			buildSettings = {
				ALWAYS_SEARCH_USER_PATHS = NO;
				CLANG_ANALYZER_NONNULL = YES;
				CLANG_ANALYZER_NUMBER_OBJECT_CONVERSION = YES_AGGRESSIVE;
				CLANG_CXX_LANGUAGE_STANDARD = "gnu++14";
				CLANG_CXX_LIBRARY = "libc++";
				CLANG_ENABLE_MODULES = YES;
				CLANG_ENABLE_OBJC_ARC = YES;
				CLANG_ENABLE_OBJC_WEAK = YES;
				CLANG_WARN_BLOCK_CAPTURE_AUTORELEASING = YES;
				CLANG_WARN_BOOL_CONVERSION = YES;
				CLANG_WARN_COMMA = YES;
				CLANG_WARN_CONSTANT_CONVERSION = YES;
				CLANG_WARN_DEPRECATED_OBJC_IMPLEMENTATIONS = YES;
				CLANG_WARN_DIRECT_OBJC_ISA_USAGE = YES_ERROR;
				CLANG_WARN_DOCUMENTATION_COMMENTS = YES;
				CLANG_WARN_EMPTY_BODY = YES;
				CLANG_WARN_ENUM_CONVERSION = YES;
				CLANG_WARN_INFINITE_RECURSION = YES;
				CLANG_WARN_INT_CONVERSION = YES;
				CLANG_WARN_NON_LITERAL_NULL_CONVERSION = YES;
				CLANG_WARN_OBJC_IMPLICIT_RETAIN_SELF = YES;
				CLANG_WARN_OBJC_LITERAL_CONVERSION = YES;
				CLANG_WARN_OBJC_ROOT_CLASS = YES_ERROR;
				CLANG_WARN_RANGE_LOOP_ANALYSIS = YES;
				CLANG_WARN_STRICT_PROTOTYPES = YES;
				CLANG_WARN_SUSPICIOUS_MOVE = YES;
				CLANG_WARN_UNGUARDED_AVAILABILITY = YES_AGGRESSIVE;
				CLANG_WARN_UNREACHABLE_CODE = YES;
				CLANG_WARN__DUPLICATE_METHOD_MATCH = YES;
				CODE_SIGN_IDENTITY = "Mac Developer";
				COPY_PHASE_STRIP = NO;
				DEBUG_INFORMATION_FORMAT = dwarf;
				ENABLE_STRICT_OBJC_MSGSEND = YES;
				ENABLE_TESTABILITY = YES;
				GCC_C_LANGUAGE_STANDARD = gnu11;
				GCC_DYNAMIC_NO_PIC = NO;
				GCC_NO_COMMON_BLOCKS = YES;
				GCC_OPTIMIZATION_LEVEL = 0;
				GCC_PREPROCESSOR_DEFINITIONS = (
					"DEBUG=1",
					"$(inherited)",
				);
				GCC_WARN_64_TO_32_BIT_CONVERSION = YES;
				GCC_WARN_ABOUT_RETURN_TYPE = YES_ERROR;
				GCC_WARN_UNDECLARED_SELECTOR = YES;
				GCC_WARN_UNINITIALIZED_AUTOS = YES_AGGRESSIVE;
				GCC_WARN_UNUSED_FUNCTION = YES;
				GCC_WARN_UNUSED_VARIABLE = YES;
				MACOSX_DEPLOYMENT_TARGET = 10.13;
				MTL_ENABLE_DEBUG_INFO = YES;
				ONLY_ACTIVE_ARCH = YES;
				SDKROOT = macosx;
			};
			name = Debug;
		};
		5790FE492138401E005EC9AF /* Release */ = {
			isa = XCBuildConfiguration;
			buildSettings = {
				ALWAYS_SEARCH_USER_PATHS = NO;
				CLANG_ANALYZER_NONNULL = YES;
				CLANG_ANALYZER_NUMBER_OBJECT_CONVERSION = YES_AGGRESSIVE;
				CLANG_CXX_LANGUAGE_STANDARD = "gnu++14";
				CLANG_CXX_LIBRARY = "libc++";
				CLANG_ENABLE_MODULES = YES;
				CLANG_ENABLE_OBJC_ARC = YES;
				CLANG_ENABLE_OBJC_WEAK = YES;
				CLANG_WARN_BLOCK_CAPTURE_AUTORELEASING = YES;
				CLANG_WARN_BOOL_CONVERSION = YES;
				CLANG_WARN_COMMA = YES;
				CLANG_WARN_CONSTANT_CONVERSION = YES;
				CLANG_WARN_DEPRECATED_OBJC_IMPLEMENTATIONS = YES;
				CLANG_WARN_DIRECT_OBJC_ISA_USAGE = YES_ERROR;
				CLANG_WARN_DOCUMENTATION_COMMENTS = YES;
				CLANG_WARN_EMPTY_BODY = YES;
				CLANG_WARN_ENUM_CONVERSION = YES;
				CLANG_WARN_INFINITE_RECURSION = YES;
				CLANG_WARN_INT_CONVERSION = YES;
				CLANG_WARN_NON_LITERAL_NULL_CONVERSION = YES;
				CLANG_WARN_OBJC_IMPLICIT_RETAIN_SELF = YES;
				CLANG_WARN_OBJC_LITERAL_CONVERSION = YES;
				CLANG_WARN_OBJC_ROOT_CLASS = YES_ERROR;
				CLANG_WARN_RANGE_LOOP_ANALYSIS = YES;
				CLANG_WARN_STRICT_PROTOTYPES = YES;
				CLANG_WARN_SUSPICIOUS_MOVE = YES;
				CLANG_WARN_UNGUARDED_AVAILABILITY = YES_AGGRESSIVE;
				CLANG_WARN_UNREACHABLE_CODE = YES;
				CLANG_WARN__DUPLICATE_METHOD_MATCH = YES;
				CODE_SIGN_IDENTITY = "Mac Developer";
				COPY_PHASE_STRIP = NO;
				DEBUG_INFORMATION_FORMAT = "dwarf-with-dsym";
				ENABLE_NS_ASSERTIONS = NO;
				ENABLE_STRICT_OBJC_MSGSEND = YES;
				GCC_C_LANGUAGE_STANDARD = gnu11;
				GCC_NO_COMMON_BLOCKS = YES;
				GCC_WARN_64_TO_32_BIT_CONVERSION = YES;
				GCC_WARN_ABOUT_RETURN_TYPE = YES_ERROR;
				GCC_WARN_UNDECLARED_SELECTOR = YES;
				GCC_WARN_UNINITIALIZED_AUTOS = YES_AGGRESSIVE;
				GCC_WARN_UNUSED_FUNCTION = YES;
				GCC_WARN_UNUSED_VARIABLE = YES;
				MACOSX_DEPLOYMENT_TARGET = 10.13;
				MTL_ENABLE_DEBUG_INFO = NO;
				SDKROOT = macosx;
			};
			name = Release;
		};
		5790FE4B2138401E005EC9AF /* Debug */ = {
			isa = XCBuildConfiguration;
			buildSettings = {
				ALWAYS_EMBED_SWIFT_STANDARD_LIBRARIES = YES;
				CLANG_ENABLE_MODULES = YES;
				CODE_SIGN_STYLE = Automatic;
				COMBINE_HIDPI_IMAGES = YES;
				DEVELOPMENT_TEAM = SN2BYN44R8;
				INFOPLIST_FILE = Info.plist;
				INSTALL_PATH = "$(LOCAL_LIBRARY_DIR)/Bundles";
				LD_RUNPATH_SEARCH_PATHS = (
					"$(inherited)",
					"@executable_path/../Frameworks",
					"@loader_path/../Frameworks",
				);
				PRODUCT_BUNDLE_IDENTIFIER = "jp.utility-team.WelcomeBackGreenPlusButton";
				PRODUCT_NAME = "$(TARGET_NAME)";
				SKIP_INSTALL = YES;
				SWIFT_OBJC_BRIDGING_HEADER = "Bridging-Header.h";
				SWIFT_OPTIMIZATION_LEVEL = "-Onone";
				SWIFT_VERSION = 3.0;
				WRAPPER_EXTENSION = bundle;
			};
			name = Debug;
		};
		5790FE4C2138401E005EC9AF /* Release */ = {
			isa = XCBuildConfiguration;
			buildSettings = {
				ALWAYS_EMBED_SWIFT_STANDARD_LIBRARIES = YES;
				CLANG_ENABLE_MODULES = YES;
				CODE_SIGN_STYLE = Automatic;
				COMBINE_HIDPI_IMAGES = YES;
				DEVELOPMENT_TEAM = SN2BYN44R8;
				INFOPLIST_FILE = Info.plist;
				INSTALL_PATH = "$(LOCAL_LIBRARY_DIR)/Bundles";
				LD_RUNPATH_SEARCH_PATHS = (
					"$(inherited)",
					"@executable_path/../Frameworks",
					"@loader_path/../Frameworks",
				);
				PRODUCT_BUNDLE_IDENTIFIER = "jp.utility-team.WelcomeBackGreenPlusButton";
				PRODUCT_NAME = "$(TARGET_NAME)";
				SKIP_INSTALL = YES;
				SWIFT_OBJC_BRIDGING_HEADER = "Bridging-Header.h";
				SWIFT_VERSION = 3.0;
				WRAPPER_EXTENSION = bundle;
			};
			name = Release;
		};
/* End XCBuildConfiguration section */

/* Begin XCConfigurationList section */
		5790FE3F2138401E005EC9AF /* Build configuration list for PBXProject "WelcomeBackGreenPlusButton" */ = {
			isa = XCConfigurationList;
			buildConfigurations = (
				5790FE482138401E005EC9AF /* Debug */,
				5790FE492138401E005EC9AF /* Release */,
			);
			defaultConfigurationIsVisible = 0;
			defaultConfigurationName = Release;
		};
		5790FE4A2138401E005EC9AF /* Build configuration list for PBXNativeTarget "WelcomeBackGreenPlusButton" */ = {
			isa = XCConfigurationList;
			buildConfigurations = (
				5790FE4B2138401E005EC9AF /* Debug */,
				5790FE4C2138401E005EC9AF /* Release */,
			);
			defaultConfigurationIsVisible = 0;
			defaultConfigurationName = Release;
		};
/* End XCConfigurationList section */
	};
	rootObject = 5790FE3C2138401E005EC9AF /* Project object */;
}
